
Microsoft Visual Studio Solution File, Format Version 12.00
# Visual Studio Version 17
VisualStudioVersion = 17.4.33213.308
MinimumVisualStudioVersion = 10.0.40219.1
Project("{FAE04EC0-301F-11D3-BF4B-00C04F79EFBC}") = "AuthProject", "AuthProject\AuthProject.csproj", "{21D8DB56-04C5-4EF1-BDC2-AB7755AFCB82}"
EndProject
Global
	GlobalSection(SolutionConfigurationPlatforms) = preSolution
		Debug|Any CPU = Debug|Any CPU
		Release|Any CPU = Release|Any CPU
	EndGlobalSection
	GlobalSection(ProjectConfigurationPlatforms) = postSolution
		{21D8DB56-04C5-4EF1-BDC2-AB7755AFCB82}.Debug|Any CPU.ActiveCfg = Debug|Any CPU
		{21D8DB56-04C5-4EF1-BDC2-AB7755AFCB82}.Debug|Any CPU.Build.0 = Debug|Any CPU
		{21D8DB56-04C5-4EF1-BDC2-AB7755AFCB82}.Release|Any CPU.ActiveCfg = Release|Any CPU
		{21D8DB56-04C5-4EF1-BDC2-AB7755AFCB82}.Release|Any CPU.Build.0 = Release|Any CPU
	EndGlobalSection
	GlobalSection(SolutionProperties) = preSolution
		HideSolutionNode = FALSE
	EndGlobalSection
	GlobalSection(ExtensibilityGlobals) = postSolution
		SolutionGuid = {73055F2A-0915-4639-BE72-63549DE08FAA}
	EndGlobalSection
EndGlobal
